
Microsoft Visual Studio Solution File, Format Version 12.00
# Visual Studio Version 16
VisualStudioVersion = 16.0.29311.281
MinimumVisualStudioVersion = 10.0.40219.1
Project("{FAE04EC0-301F-11D3-BF4B-00C04F79EFBC}") = "SampleDesktop.Client.Launcher", "SampleDesktop.Client.Launcher\SampleDesktop.Client.Launcher.csproj", "{9902E8D6-44D4-4CB8-BE40-B29A40E8A425}"
EndProject
Global
	GlobalSection(SolutionConfigurationPlatforms) = preSolution
		Debug|Any CPU = Debug|Any CPU
		Release|Any CPU = Release|Any CPU
	EndGlobalSection
	GlobalSection(ProjectConfigurationPlatforms) = postSolution
		{9902E8D6-44D4-4CB8-BE40-B29A40E8A425}.Debug|Any CPU.ActiveCfg = Debug|Any CPU
		{9902E8D6-44D4-4CB8-BE40-B29A40E8A425}.Debug|Any CPU.Build.0 = Debug|Any CPU
		{9902E8D6-44D4-4CB8-BE40-B29A40E8A425}.Release|Any CPU.ActiveCfg = Release|Any CPU
		{9902E8D6-44D4-4CB8-BE40-B29A40E8A425}.Release|Any CPU.Build.0 = Release|Any CPU
	EndGlobalSection
	GlobalSection(SolutionProperties) = preSolution
		HideSolutionNode = FALSE
	EndGlobalSection
	GlobalSection(ExtensibilityGlobals) = postSolution
		SolutionGuid = {321DB9B2-AA78-4BE4-929A-6DC09C20A7D4}
	EndGlobalSection
EndGlobal
